
Microsoft Visual Studio Solution File, Format Version 12.00
# Visual Studio Version 17
VisualStudioVersion = 17.5.33530.505
MinimumVisualStudioVersion = 10.0.40219.1
Project("{9A19103F-16F7-4668-BE54-9A1E7A4F7556}") = "BlazorFormsAndValidation.Server", "BlazorFormsAndValidation\Server\BlazorFormsAndValidation.Server.csproj", "{C8C156B4-17A0-40A1-95D7-96C49FBDBB7E}"
EndProject
Project("{9A19103F-16F7-4668-BE54-9A1E7A4F7556}") = "BlazorFormsAndValidation.Client", "BlazorFormsAndValidation\Client\BlazorFormsAndValidation.Client.csproj", "{D527C53F-6F67-4681-9C01-EE061F9ED082}"
EndProject
Project("{9A19103F-16F7-4668-BE54-9A1E7A4F7556}") = "BlazorFormsAndValidation.Shared", "BlazorFormsAndValidation\Shared\BlazorFormsAndValidation.Shared.csproj", "{0EE08A51-0DAA-4E04-974F-35EEFD8655E0}"
EndProject
Global
	GlobalSection(SolutionConfigurationPlatforms) = preSolution
		Debug|Any CPU = Debug|Any CPU
		Release|Any CPU = Release|Any CPU
	EndGlobalSection
	GlobalSection(ProjectConfigurationPlatforms) = postSolution
		{C8C156B4-17A0-40A1-95D7-96C49FBDBB7E}.Debug|Any CPU.ActiveCfg = Debug|Any CPU
		{C8C156B4-17A0-40A1-95D7-96C49FBDBB7E}.Debug|Any CPU.Build.0 = Debug|Any CPU
		{C8C156B4-17A0-40A1-95D7-96C49FBDBB7E}.Release|Any CPU.ActiveCfg = Release|Any CPU
		{C8C156B4-17A0-40A1-95D7-96C49FBDBB7E}.Release|Any CPU.Build.0 = Release|Any CPU
		{D527C53F-6F67-4681-9C01-EE061F9ED082}.Debug|Any CPU.ActiveCfg = Debug|Any CPU
		{D527C53F-6F67-4681-9C01-EE061F9ED082}.Debug|Any CPU.Build.0 = Debug|Any CPU
		{D527C53F-6F67-4681-9C01-EE061F9ED082}.Release|Any CPU.ActiveCfg = Release|Any CPU
		{D527C53F-6F67-4681-9C01-EE061F9ED082}.Release|Any CPU.Build.0 = Release|Any CPU
		{0EE08A51-0DAA-4E04-974F-35EEFD8655E0}.Debug|Any CPU.ActiveCfg = Debug|Any CPU
		{0EE08A51-0DAA-4E04-974F-35EEFD8655E0}.Debug|Any CPU.Build.0 = Debug|Any CPU
		{0EE08A51-0DAA-4E04-974F-35EEFD8655E0}.Release|Any CPU.ActiveCfg = Release|Any CPU
		{0EE08A51-0DAA-4E04-974F-35EEFD8655E0}.Release|Any CPU.Build.0 = Release|Any CPU
	EndGlobalSection
	GlobalSection(SolutionProperties) = preSolution
		HideSolutionNode = FALSE
	EndGlobalSection
	GlobalSection(ExtensibilityGlobals) = postSolution
		SolutionGuid = {B6662464-6D3C-4D5A-BA58-445992390F5C}
	EndGlobalSection
EndGlobal
